// !$*UTF8*$!
{
	archiveVersion = 1;
	classes = {
	};
	objectVersion = 50;
	objects = {

/* Begin PBXBuildFile section */
		2ACCDA772541F4E600044E2F /* AppDelegate.swift in Sources */ = {isa = PBXBuildFile; fileRef = 2ACCDA762541F4E600044E2F /* AppDelegate.swift */; };
		2ACCDA792541F4E600044E2F /* SceneDelegate.swift in Sources */ = {isa = PBXBuildFile; fileRef = 2ACCDA782541F4E600044E2F /* SceneDelegate.swift */; };
		2ACCDA7B2541F4E600044E2F /* ViewController.swift in Sources */ = {isa = PBXBuildFile; fileRef = 2ACCDA7A2541F4E600044E2F /* ViewController.swift */; };
		2ACCDA7E2541F4E600044E2F /* Main.storyboard in Resources */ = {isa = PBXBuildFile; fileRef = 2ACCDA7C2541F4E600044E2F /* Main.storyboard */; };
		2ACCDA802541F4E700044E2F /* Assets.xcassets in Resources */ = {isa = PBXBuildFile; fileRef = 2ACCDA7F2541F4E700044E2F /* Assets.xcassets */; };
		2ACCDA832541F4E700044E2F /* LaunchScreen.storyboard in Resources */ = {isa = PBXBuildFile; fileRef = 2ACCDA812541F4E700044E2F /* LaunchScreen.storyboard */; };
		2ACCDA8E2541F4E700044E2F /* AutoLayoutTests.swift in Sources */ = {isa = PBXBuildFile; fileRef = 2ACCDA8D2541F4E700044E2F /* AutoLayoutTests.swift */; };
		2ACCDA992541F4E700044E2F /* AutoLayoutUITests.swift in Sources */ = {isa = PBXBuildFile; fileRef = 2ACCDA982541F4E700044E2F /* AutoLayoutUITests.swift */; };
/* End PBXBuildFile section */

/* Begin PBXContainerItemProxy section */
		2ACCDA8A2541F4E700044E2F /* PBXContainerItemProxy */ = {
			isa = PBXContainerItemProxy;
			containerPortal = 2ACCDA6B2541F4E600044E2F /* Project object */;
			proxyType = 1;
			remoteGlobalIDString = 2ACCDA722541F4E600044E2F;
			remoteInfo = AutoLayout;
		};
		2ACCDA952541F4E700044E2F /* PBXContainerItemProxy */ = {
			isa = PBXContainerItemProxy;
			containerPortal = 2ACCDA6B2541F4E600044E2F /* Project object */;
			proxyType = 1;
			remoteGlobalIDString = 2ACCDA722541F4E600044E2F;
			remoteInfo = AutoLayout;
		};
/* End PBXContainerItemProxy section */

/* Begin PBXFileReference section */
		2ACCDA732541F4E600044E2F /* AutoLayout.app */ = {isa = PBXFileReference; explicitFileType = wrapper.application; includeInIndex = 0; path = AutoLayout.app; sourceTree = BUILT_PRODUCTS_DIR; };
		2ACCDA762541F4E600044E2F /* AppDelegate.swift */ = {isa = PBXFileReference; lastKnownFileType = sourcecode.swift; path = AppDelegate.swift; sourceTree = "<group>"; };
		2ACCDA782541F4E600044E2F /* SceneDelegate.swift */ = {isa = PBXFileReference; lastKnownFileType = sourcecode.swift; path = SceneDelegate.swift; sourceTree = "<group>"; };
		2ACCDA7A2541F4E600044E2F /* ViewController.swift */ = {isa = PBXFileReference; lastKnownFileType = sourcecode.swift; path = ViewController.swift; sourceTree = "<group>"; };
		2ACCDA7D2541F4E600044E2F /* Base */ = {isa = PBXFileReference; lastKnownFileType = file.storyboard; name = Base; path = Base.lproj/Main.storyboard; sourceTree = "<group>"; };
		2ACCDA7F2541F4E700044E2F /* Assets.xcassets */ = {isa = PBXFileReference; lastKnownFileType = folder.assetcatalog; path = Assets.xcassets; sourceTree = "<group>"; };
		2ACCDA822541F4E700044E2F /* Base */ = {isa = PBXFileReference; lastKnownFileType = file.storyboard; name = Base; path = Base.lproj/LaunchScreen.storyboard; sourceTree = "<group>"; };
		2ACCDA842541F4E700044E2F /* Info.plist */ = {isa = PBXFileReference; lastKnownFileType = text.plist.xml; path = Info.plist; sourceTree = "<group>"; };
		2ACCDA892541F4E700044E2F /* AutoLayoutTests.xctest */ = {isa = PBXFileReference; explicitFileType = wrapper.cfbundle; includeInIndex = 0; path = AutoLayoutTests.xctest; sourceTree = BUILT_PRODUCTS_DIR; };
		2ACCDA8D2541F4E700044E2F /* AutoLayoutTests.swift */ = {isa = PBXFileReference; lastKnownFileType = sourcecode.swift; path = AutoLayoutTests.swift; sourceTree = "<group>"; };
		2ACCDA8F2541F4E700044E2F /* Info.plist */ = {isa = PBXFileReference; lastKnownFileType = text.plist.xml; path = Info.plist; sourceTree = "<group>"; };
		2ACCDA942541F4E700044E2F /* AutoLayoutUITests.xctest */ = {isa = PBXFileReference; explicitFileType = wrapper.cfbundle; includeInIndex = 0; path = AutoLayoutUITests.xctest; sourceTree = BUILT_PRODUCTS_DIR; };
		2ACCDA982541F4E700044E2F /* AutoLayoutUITests.swift */ = {isa = PBXFileReference; lastKnownFileType = sourcecode.swift; path = AutoLayoutUITests.swift; sourceTree = "<group>"; };
		2ACCDA9A2541F4E700044E2F /* Info.plist */ = {isa = PBXFileReference; lastKnownFileType = text.plist.xml; path = Info.plist; sourceTree = "<group>"; };
/* End PBXFileReference section */

/* Begin PBXFrameworksBuildPhase section */
		2ACCDA702541F4E600044E2F /* Frameworks */ = {
			isa = PBXFrameworksBuildPhase;
			buildActionMask = 2147483647;
			files = (
			);
			runOnlyForDeploymentPostprocessing = 0;
		};
		2ACCDA862541F4E700044E2F /* Frameworks */ = {
			isa = PBXFrameworksBuildPhase;
			buildActionMask = 2147483647;
			files = (
			);
			runOnlyForDeploymentPostprocessing = 0;
		};
		2ACCDA912541F4E700044E2F /* Frameworks */ = {
			isa = PBXFrameworksBuildPhase;
			buildActionMask = 2147483647;
			files = (
			);
			runOnlyForDeploymentPostprocessing = 0;
		};
/* End PBXFrameworksBuildPhase section */

/* Begin PBXGroup section */
		2ACCDA6A2541F4E600044E2F = {
			isa = PBXGroup;
			children = (
				2ACCDA752541F4E600044E2F /* AutoLayout */,
				2ACCDA8C2541F4E700044E2F /* AutoLayoutTests */,
				2ACCDA972541F4E700044E2F /* AutoLayoutUITests */,
				2ACCDA742541F4E600044E2F /* Products */,
			);
			sourceTree = "<group>";
		};
		2ACCDA742541F4E600044E2F /* Products */ = {
			isa = PBXGroup;
			children = (
				2ACCDA732541F4E600044E2F /* AutoLayout.app */,
				2ACCDA892541F4E700044E2F /* AutoLayoutTests.xctest */,
				2ACCDA942541F4E700044E2F /* AutoLayoutUITests.xctest */,
			);
			name = Products;
			sourceTree = "<group>";
		};
		2ACCDA752541F4E600044E2F /* AutoLayout */ = {
			isa = PBXGroup;
			children = (
				2ACCDA762541F4E600044E2F /* AppDelegate.swift */,
				2ACCDA782541F4E600044E2F /* SceneDelegate.swift */,
				2ACCDA7A2541F4E600044E2F /* ViewController.swift */,
				2ACCDA7C2541F4E600044E2F /* Main.storyboard */,
				2ACCDA7F2541F4E700044E2F /* Assets.xcassets */,
				2ACCDA812541F4E700044E2F /* LaunchScreen.storyboard */,
				2ACCDA842541F4E700044E2F /* Info.plist */,
			);
			path = AutoLayout;
			sourceTree = "<group>";
		};
		2ACCDA8C2541F4E700044E2F /* AutoLayoutTests */ = {
			isa = PBXGroup;
			children = (
				2ACCDA8D2541F4E700044E2F /* AutoLayoutTests.swift */,
				2ACCDA8F2541F4E700044E2F /* Info.plist */,
			);
			path = AutoLayoutTests;
			sourceTree = "<group>";
		};
		2ACCDA972541F4E700044E2F /* AutoLayoutUITests */ = {
			isa = PBXGroup;
			children = (
				2ACCDA982541F4E700044E2F /* AutoLayoutUITests.swift */,
				2ACCDA9A2541F4E700044E2F /* Info.plist */,
			);
			path = AutoLayoutUITests;
			sourceTree = "<group>";
		};
/* End PBXGroup section */

/* Begin PBXNativeTarget section */
		2ACCDA722541F4E600044E2F /* AutoLayout */ = {
			isa = PBXNativeTarget;
			buildConfigurationList = 2ACCDA9D2541F4E700044E2F /* Build configuration list for PBXNativeTarget "AutoLayout" */;
			buildPhases = (
				2ACCDA6F2541F4E600044E2F /* Sources */,
				2ACCDA702541F4E600044E2F /* Frameworks */,
				2ACCDA712541F4E600044E2F /* Resources */,
			);
			buildRules = (
			);
			dependencies = (
			);
			name = AutoLayout;
			productName = AutoLayout;
			productReference = 2ACCDA732541F4E600044E2F /* AutoLayout.app */;
			productType = "com.apple.product-type.application";
		};
		2ACCDA882541F4E700044E2F /* AutoLayoutTests */ = {
			isa = PBXNativeTarget;
			buildConfigurationList = 2ACCDAA02541F4E700044E2F /* Build configuration list for PBXNativeTarget "AutoLayoutTests" */;
			buildPhases = (
				2ACCDA852541F4E700044E2F /* Sources */,
				2ACCDA862541F4E700044E2F /* Frameworks */,
				2ACCDA872541F4E700044E2F /* Resources */,
			);
			buildRules = (
			);
			dependencies = (
				2ACCDA8B2541F4E700044E2F /* PBXTargetDependency */,
			);
			name = AutoLayoutTests;
			productName = AutoLayoutTests;
			productReference = 2ACCDA892541F4E700044E2F /* AutoLayoutTests.xctest */;
			productType = "com.apple.product-type.bundle.unit-test";
		};
		2ACCDA932541F4E700044E2F /* AutoLayoutUITests */ = {
			isa = PBXNativeTarget;
			buildConfigurationList = 2ACCDAA32541F4E700044E2F /* Build configuration list for PBXNativeTarget "AutoLayoutUITests" */;
			buildPhases = (
				2ACCDA902541F4E700044E2F /* Sources */,
				2ACCDA912541F4E700044E2F /* Frameworks */,
				2ACCDA922541F4E700044E2F /* Resources */,
			);
			buildRules = (
			);
			dependencies = (
				2ACCDA962541F4E700044E2F /* PBXTargetDependency */,
			);
			name = AutoLayoutUITests;
			productName = AutoLayoutUITests;
			productReference = 2ACCDA942541F4E700044E2F /* AutoLayoutUITests.xctest */;
			productType = "com.apple.product-type.bundle.ui-testing";
		};
/* End PBXNativeTarget section */

/* Begin PBXProject section */
		2ACCDA6B2541F4E600044E2F /* Project object */ = {
			isa = PBXProject;
			attributes = {
				LastSwiftUpdateCheck = 1200;
				LastUpgradeCheck = 1200;
				TargetAttributes = {
					2ACCDA722541F4E600044E2F = {
						CreatedOnToolsVersion = 12.0.1;
					};
					2ACCDA882541F4E700044E2F = {
						CreatedOnToolsVersion = 12.0.1;
						TestTargetID = 2ACCDA722541F4E600044E2F;
					};
					2ACCDA932541F4E700044E2F = {
						CreatedOnToolsVersion = 12.0.1;
						TestTargetID = 2ACCDA722541F4E600044E2F;
					};
				};
			};
			buildConfigurationList = 2ACCDA6E2541F4E600044E2F /* Build configuration list for PBXProject "AutoLayout" */;
			compatibilityVersion = "Xcode 9.3";
			developmentRegion = en;
			hasScannedForEncodings = 0;
			knownRegions = (
				en,
				Base,
			);
			mainGroup = 2ACCDA6A2541F4E600044E2F;
			productRefGroup = 2ACCDA742541F4E600044E2F /* Products */;
			projectDirPath = "";
			projectRoot = "";
			targets = (
				2ACCDA722541F4E600044E2F /* AutoLayout */,
				2ACCDA882541F4E700044E2F /* AutoLayoutTests */,
				2ACCDA932541F4E700044E2F /* AutoLayoutUITests */,
			);
		};
/* End PBXProject section */

/* Begin PBXResourcesBuildPhase section */
		2ACCDA712541F4E600044E2F /* Resources */ = {
			isa = PBXResourcesBuildPhase;
			buildActionMask = 2147483647;
			files = (
				2ACCDA832541F4E700044E2F /* LaunchScreen.storyboard in Resources */,
				2ACCDA802541F4E700044E2F /* Assets.xcassets in Resources */,
				2ACCDA7E2541F4E600044E2F /* Main.storyboard in Resources */,
			);
			runOnlyForDeploymentPostprocessing = 0;
		};
		2ACCDA872541F4E700044E2F /* Resources */ = {
			isa = PBXResourcesBuildPhase;
			buildActionMask = 2147483647;
			files = (
			);
			runOnlyForDeploymentPostprocessing = 0;
		};
		2ACCDA922541F4E700044E2F /* Resources */ = {
			isa = PBXResourcesBuildPhase;
			buildActionMask = 2147483647;
			files = (
			);
			runOnlyForDeploymentPostprocessing = 0;
		};
/* End PBXResourcesBuildPhase section */

/* Begin PBXSourcesBuildPhase section */
		2ACCDA6F2541F4E600044E2F /* Sources */ = {
			isa = PBXSourcesBuildPhase;
			buildActionMask = 2147483647;
			files = (
				2ACCDA7B2541F4E600044E2F /* ViewController.swift in Sources */,
				2ACCDA772541F4E600044E2F /* AppDelegate.swift in Sources */,
				2ACCDA792541F4E600044E2F /* SceneDelegate.swift in Sources */,
			);
			runOnlyForDeploymentPostprocessing = 0;
		};
		2ACCDA852541F4E700044E2F /* Sources */ = {
			isa = PBXSourcesBuildPhase;
			buildActionMask = 2147483647;
			files = (
				2ACCDA8E2541F4E700044E2F /* AutoLayoutTests.swift in Sources */,
			);
			runOnlyForDeploymentPostprocessing = 0;
		};
		2ACCDA902541F4E700044E2F /* Sources */ = {
			isa = PBXSourcesBuildPhase;
			buildActionMask = 2147483647;
			files = (
				2ACCDA992541F4E700044E2F /* AutoLayoutUITests.swift in Sources */,
			);
			runOnlyForDeploymentPostprocessing = 0;
		};
/* End PBXSourcesBuildPhase section */

/* Begin PBXTargetDependency section */
		2ACCDA8B2541F4E700044E2F /* PBXTargetDependency */ = {
			isa = PBXTargetDependency;
			target = 2ACCDA722541F4E600044E2F /* AutoLayout */;
			targetProxy = 2ACCDA8A2541F4E700044E2F /* PBXContainerItemProxy */;
		};
		2ACCDA962541F4E700044E2F /* PBXTargetDependency */ = {
			isa = PBXTargetDependency;
			target = 2ACCDA722541F4E600044E2F /* AutoLayout */;
			targetProxy = 2ACCDA952541F4E700044E2F /* PBXContainerItemProxy */;
		};
/* End PBXTargetDependency section */

/* Begin PBXVariantGroup section */
		2ACCDA7C2541F4E600044E2F /* Main.storyboard */ = {
			isa = PBXVariantGroup;
			children = (
				2ACCDA7D2541F4E600044E2F /* Base */,
			);
			name = Main.storyboard;
			sourceTree = "<group>";
		};
		2ACCDA812541F4E700044E2F /* LaunchScreen.storyboard */ = {
			isa = PBXVariantGroup;
			children = (
				2ACCDA822541F4E700044E2F /* Base */,
			);
			name = LaunchScreen.storyboard;
			sourceTree = "<group>";
		};
/* End PBXVariantGroup section */

/* Begin XCBuildConfiguration section */
		2ACCDA9B2541F4E700044E2F /* Debug */ = {
			isa = XCBuildConfiguration;
			buildSettings = {
				ALWAYS_SEARCH_USER_PATHS = NO;
				CLANG_ANALYZER_NONNULL = YES;
				CLANG_ANALYZER_NUMBER_OBJECT_CONVERSION = YES_AGGRESSIVE;
				CLANG_CXX_LANGUAGE_STANDARD = "gnu++14";
				CLANG_CXX_LIBRARY = "libc++";
				CLANG_ENABLE_MODULES = YES;
				CLANG_ENABLE_OBJC_ARC = YES;
				CLANG_ENABLE_OBJC_WEAK = YES;
				CLANG_WARN_BLOCK_CAPTURE_AUTORELEASING = YES;
				CLANG_WARN_BOOL_CONVERSION = YES;
				CLANG_WARN_COMMA = YES;
				CLANG_WARN_CONSTANT_CONVERSION = YES;
				CLANG_WARN_DEPRECATED_OBJC_IMPLEMENTATIONS = YES;
				CLANG_WARN_DIRECT_OBJC_ISA_USAGE = YES_ERROR;
				CLANG_WARN_DOCUMENTATION_COMMENTS = YES;
				CLANG_WARN_EMPTY_BODY = YES;
				CLANG_WARN_ENUM_CONVERSION = YES;
				CLANG_WARN_INFINITE_RECURSION = YES;
				CLANG_WARN_INT_CONVERSION = YES;
				CLANG_WARN_NON_LITERAL_NULL_CONVERSION = YES;
				CLANG_WARN_OBJC_IMPLICIT_RETAIN_SELF = YES;
				CLANG_WARN_OBJC_LITERAL_CONVERSION = YES;
				CLANG_WARN_OBJC_ROOT_CLASS = YES_ERROR;
				CLANG_WARN_QUOTED_INCLUDE_IN_FRAMEWORK_HEADER = YES;
				CLANG_WARN_RANGE_LOOP_ANALYSIS = YES;
				CLANG_WARN_STRICT_PROTOTYPES = YES;
				CLANG_WARN_SUSPICIOUS_MOVE = YES;
				CLANG_WARN_UNGUARDED_AVAILABILITY = YES_AGGRESSIVE;
				CLANG_WARN_UNREACHABLE_CODE = YES;
				CLANG_WARN__DUPLICATE_METHOD_MATCH = YES;
				COPY_PHASE_STRIP = NO;
				DEBUG_INFORMATION_FORMAT = dwarf;
				ENABLE_STRICT_OBJC_MSGSEND = YES;
				ENABLE_TESTABILITY = YES;
				GCC_C_LANGUAGE_STANDARD = gnu11;
				GCC_DYNAMIC_NO_PIC = NO;
				GCC_NO_COMMON_BLOCKS = YES;
				GCC_OPTIMIZATION_LEVEL = 0;
				GCC_PREPROCESSOR_DEFINITIONS = (
					"DEBUG=1",
					"$(inherited)",
				);
				GCC_WARN_64_TO_32_BIT_CONVERSION = YES;
				GCC_WARN_ABOUT_RETURN_TYPE = YES_ERROR;
				GCC_WARN_UNDECLARED_SELECTOR = YES;
				GCC_WARN_UNINITIALIZED_AUTOS = YES_AGGRESSIVE;
				GCC_WARN_UNUSED_FUNCTION = YES;
				GCC_WARN_UNUSED_VARIABLE = YES;
				IPHONEOS_DEPLOYMENT_TARGET = 14.0;
				MTL_ENABLE_DEBUG_INFO = INCLUDE_SOURCE;
				MTL_FAST_MATH = YES;
				ONLY_ACTIVE_ARCH = YES;
				SDKROOT = iphoneos;
				SWIFT_ACTIVE_COMPILATION_CONDITIONS = DEBUG;
				SWIFT_OPTIMIZATION_LEVEL = "-Onone";
			};
			name = Debug;
		};
		2ACCDA9C2541F4E700044E2F /* Release */ = {
			isa = XCBuildConfiguration;
			buildSettings = {
				ALWAYS_SEARCH_USER_PATHS = NO;
				CLANG_ANALYZER_NONNULL = YES;
				CLANG_ANALYZER_NUMBER_OBJECT_CONVERSION = YES_AGGRESSIVE;
				CLANG_CXX_LANGUAGE_STANDARD = "gnu++14";
				CLANG_CXX_LIBRARY = "libc++";
				CLANG_ENABLE_MODULES = YES;
				CLANG_ENABLE_OBJC_ARC = YES;
				CLANG_ENABLE_OBJC_WEAK = YES;
				CLANG_WARN_BLOCK_CAPTURE_AUTORELEASING = YES;
				CLANG_WARN_BOOL_CONVERSION = YES;
				CLANG_WARN_COMMA = YES;
				CLANG_WARN_CONSTANT_CONVERSION = YES;
				CLANG_WARN_DEPRECATED_OBJC_IMPLEMENTATIONS = YES;
				CLANG_WARN_DIRECT_OBJC_ISA_USAGE = YES_ERROR;
				CLANG_WARN_DOCUMENTATION_COMMENTS = YES;
				CLANG_WARN_EMPTY_BODY = YES;
				CLANG_WARN_ENUM_CONVERSION = YES;
				CLANG_WARN_INFINITE_RECURSION = YES;
				CLANG_WARN_INT_CONVERSION = YES;
				CLANG_WARN_NON_LITERAL_NULL_CONVERSION = YES;
				CLANG_WARN_OBJC_IMPLICIT_RETAIN_SELF = YES;
				CLANG_WARN_OBJC_LITERAL_CONVERSION = YES;
				CLANG_WARN_OBJC_ROOT_CLASS = YES_ERROR;
				CLANG_WARN_QUOTED_INCLUDE_IN_FRAMEWORK_HEADER = YES;
				CLANG_WARN_RANGE_LOOP_ANALYSIS = YES;
				CLANG_WARN_STRICT_PROTOTYPES = YES;
				CLANG_WARN_SUSPICIOUS_MOVE = YES;
				CLANG_WARN_UNGUARDED_AVAILABILITY = YES_AGGRESSIVE;
				CLANG_WARN_UNREACHABLE_CODE = YES;
				CLANG_WARN__DUPLICATE_METHOD_MATCH = YES;
				COPY_PHASE_STRIP = NO;
				DEBUG_INFORMATION_FORMAT = "dwarf-with-dsym";
				ENABLE_NS_ASSERTIONS = NO;
				ENABLE_STRICT_OBJC_MSGSEND = YES;
				GCC_C_LANGUAGE_STANDARD = gnu11;
				GCC_NO_COMMON_BLOCKS = YES;
				GCC_WARN_64_TO_32_BIT_CONVERSION = YES;
				GCC_WARN_ABOUT_RETURN_TYPE = YES_ERROR;
				GCC_WARN_UNDECLARED_SELECTOR = YES;
				GCC_WARN_UNINITIALIZED_AUTOS = YES_AGGRESSIVE;
				GCC_WARN_UNUSED_FUNCTION = YES;
				GCC_WARN_UNUSED_VARIABLE = YES;
				IPHONEOS_DEPLOYMENT_TARGET = 14.0;
				MTL_ENABLE_DEBUG_INFO = NO;
				MTL_FAST_MATH = YES;
				SDKROOT = iphoneos;
				SWIFT_COMPILATION_MODE = wholemodule;
				SWIFT_OPTIMIZATION_LEVEL = "-O";
				VALIDATE_PRODUCT = YES;
			};
			name = Release;
		};
		2ACCDA9E2541F4E700044E2F /* Debug */ = {
			isa = XCBuildConfiguration;
			buildSettings = {
				ASSETCATALOG_COMPILER_APPICON_NAME = AppIcon;
				ASSETCATALOG_COMPILER_GLOBAL_ACCENT_COLOR_NAME = AccentColor;
				CODE_SIGN_STYLE = Automatic;
				DEVELOPMENT_TEAM = HQW8WPUSKY;
				INFOPLIST_FILE = AutoLayout/Info.plist;
				LD_RUNPATH_SEARCH_PATHS = (
					"$(inherited)",
					"@executable_path/Frameworks",
				);
				PRODUCT_BUNDLE_IDENTIFIER = br.com.cwi.treinamento.leonardo.AutoLayout;
				PRODUCT_NAME = "$(TARGET_NAME)";
				SWIFT_VERSION = 5.0;
				TARGETED_DEVICE_FAMILY = "1,2";
			};
			name = Debug;
		};
		2ACCDA9F2541F4E700044E2F /* Release */ = {
			isa = XCBuildConfiguration;
			buildSettings = {
				ASSETCATALOG_COMPILER_APPICON_NAME = AppIcon;
				ASSETCATALOG_COMPILER_GLOBAL_ACCENT_COLOR_NAME = AccentColor;
				CODE_SIGN_STYLE = Automatic;
				DEVELOPMENT_TEAM = HQW8WPUSKY;
				INFOPLIST_FILE = AutoLayout/Info.plist;
				LD_RUNPATH_SEARCH_PATHS = (
					"$(inherited)",
					"@executable_path/Frameworks",
				);
				PRODUCT_BUNDLE_IDENTIFIER = br.com.cwi.treinamento.leonardo.AutoLayout;
				PRODUCT_NAME = "$(TARGET_NAME)";
				SWIFT_VERSION = 5.0;
				TARGETED_DEVICE_FAMILY = "1,2";
			};
			name = Release;
		};
		2ACCDAA12541F4E700044E2F /* Debug */ = {
			isa = XCBuildConfiguration;
			buildSettings = {
				ALWAYS_EMBED_SWIFT_STANDARD_LIBRARIES = YES;
				BUNDLE_LOADER = "$(TEST_HOST)";
				CODE_SIGN_STYLE = Automatic;
				DEVELOPMENT_TEAM = HQW8WPUSKY;
				INFOPLIST_FILE = AutoLayoutTests/Info.plist;
				IPHONEOS_DEPLOYMENT_TARGET = 14.0;
				LD_RUNPATH_SEARCH_PATHS = (
					"$(inherited)",
					"@executable_path/Frameworks",
					"@loader_path/Frameworks",
				);
				PRODUCT_BUNDLE_IDENTIFIER = br.com.cwi.treinamento.leonardo.AutoLayoutTests;
				PRODUCT_NAME = "$(TARGET_NAME)";
				SWIFT_VERSION = 5.0;
				TARGETED_DEVICE_FAMILY = "1,2";
				TEST_HOST = "$(BUILT_PRODUCTS_DIR)/AutoLayout.app/AutoLayout";
			};
			name = Debug;
		};
		2ACCDAA22541F4E700044E2F /* Release */ = {
			isa = XCBuildConfiguration;
			buildSettings = {
				ALWAYS_EMBED_SWIFT_STANDARD_LIBRARIES = YES;
				BUNDLE_LOADER = "$(TEST_HOST)";
				CODE_SIGN_STYLE = Automatic;
				DEVELOPMENT_TEAM = HQW8WPUSKY;
				INFOPLIST_FILE = AutoLayoutTests/Info.plist;
				IPHONEOS_DEPLOYMENT_TARGET = 14.0;
				LD_RUNPATH_SEARCH_PATHS = (
					"$(inherited)",
					"@executable_path/Frameworks",
					"@loader_path/Frameworks",
				);
				PRODUCT_BUNDLE_IDENTIFIER = br.com.cwi.treinamento.leonardo.AutoLayoutTests;
				PRODUCT_NAME = "$(TARGET_NAME)";
				SWIFT_VERSION = 5.0;
				TARGETED_DEVICE_FAMILY = "1,2";
				TEST_HOST = "$(BUILT_PRODUCTS_DIR)/AutoLayout.app/AutoLayout";
			};
			name = Release;
		};
		2ACCDAA42541F4E700044E2F /* Debug */ = {
			isa = XCBuildConfiguration;
			buildSettings = {
				ALWAYS_EMBED_SWIFT_STANDARD_LIBRARIES = YES;
				CODE_SIGN_STYLE = Automatic;
				DEVELOPMENT_TEAM = HQW8WPUSKY;
				INFOPLIST_FILE = AutoLayoutUITests/Info.plist;
				LD_RUNPATH_SEARCH_PATHS = (
					"$(inherited)",
					"@executable_path/Frameworks",
					"@loader_path/Frameworks",
				);
				PRODUCT_BUNDLE_IDENTIFIER = br.com.cwi.treinamento.leonardo.AutoLayoutUITests;
				PRODUCT_NAME = "$(TARGET_NAME)";
				SWIFT_VERSION = 5.0;
				TARGETED_DEVICE_FAMILY = "1,2";
				TEST_TARGET_NAME = AutoLayout;
			};
			name = Debug;
		};
		2ACCDAA52541F4E700044E2F /* Release */ = {
			isa = XCBuildConfiguration;
			buildSettings = {
				ALWAYS_EMBED_SWIFT_STANDARD_LIBRARIES = YES;
				CODE_SIGN_STYLE = Automatic;
				DEVELOPMENT_TEAM = HQW8WPUSKY;
				INFOPLIST_FILE = AutoLayoutUITests/Info.plist;
				LD_RUNPATH_SEARCH_PATHS = (
					"$(inherited)",
					"@executable_path/Frameworks",
					"@loader_path/Frameworks",
				);
				PRODUCT_BUNDLE_IDENTIFIER = br.com.cwi.treinamento.leonardo.AutoLayoutUITests;
				PRODUCT_NAME = "$(TARGET_NAME)";
				SWIFT_VERSION = 5.0;
				TARGETED_DEVICE_FAMILY = "1,2";
				TEST_TARGET_NAME = AutoLayout;
			};
			name = Release;
		};
/* End XCBuildConfiguration section */

/* Begin XCConfigurationList section */
		2ACCDA6E2541F4E600044E2F /* Build configuration list for PBXProject "AutoLayout" */ = {
			isa = XCConfigurationList;
			buildConfigurations = (
				2ACCDA9B2541F4E700044E2F /* Debug */,
				2ACCDA9C2541F4E700044E2F /* Release */,
			);
			defaultConfigurationIsVisible = 0;
			defaultConfigurationName = Release;
		};
		2ACCDA9D2541F4E700044E2F /* Build configuration list for PBXNativeTarget "AutoLayout" */ = {
			isa = XCConfigurationList;
			buildConfigurations = (
				2ACCDA9E2541F4E700044E2F /* Debug */,
				2ACCDA9F2541F4E700044E2F /* Release */,
			);
			defaultConfigurationIsVisible = 0;
			defaultConfigurationName = Release;
		};
		2ACCDAA02541F4E700044E2F /* Build configuration list for PBXNativeTarget "AutoLayoutTests" */ = {
			isa = XCConfigurationList;
			buildConfigurations = (
				2ACCDAA12541F4E700044E2F /* Debug */,
				2ACCDAA22541F4E700044E2F /* Release */,
			);
			defaultConfigurationIsVisible = 0;
			defaultConfigurationName = Release;
		};
		2ACCDAA32541F4E700044E2F /* Build configuration list for PBXNativeTarget "AutoLayoutUITests" */ = {
			isa = XCConfigurationList;
			buildConfigurations = (
				2ACCDAA42541F4E700044E2F /* Debug */,
				2ACCDAA52541F4E700044E2F /* Release */,
			);
			defaultConfigurationIsVisible = 0;
			defaultConfigurationName = Release;
		};
/* End XCConfigurationList section */
	};
	rootObject = 2ACCDA6B2541F4E600044E2F /* Project object */;
}
